
Microsoft Visual Studio Solution File, Format Version 12.00
# Visual Studio 2013
VisualStudioVersion = 12.0.31101.0
MinimumVisualStudioVersion = 10.0.40219.1
Project("{8BC9CEB8-8B4A-11D0-8D11-00A0C91BC942}") = "Galileo Wiring App1", "Galileo Wiring App1\Galileo Wiring App1.vcxproj", "{3715BC9B-FD47-409F-950A-127F319F0787}"
EndProject
Global
	GlobalSection(SolutionConfigurationPlatforms) = preSolution
		Debug|Win32 = Debug|Win32
		Release|Win32 = Release|Win32
	EndGlobalSection
	GlobalSection(ProjectConfigurationPlatforms) = postSolution
		{3715BC9B-FD47-409F-950A-127F319F0787}.Debug|Win32.ActiveCfg = Debug|Win32
		{3715BC9B-FD47-409F-950A-127F319F0787}.Debug|Win32.Build.0 = Debug|Win32
		{3715BC9B-FD47-409F-950A-127F319F0787}.Debug|Win32.Deploy.0 = Debug|Win32
		{3715BC9B-FD47-409F-950A-127F319F0787}.Release|Win32.ActiveCfg = Release|Win32
		{3715BC9B-FD47-409F-950A-127F319F0787}.Release|Win32.Build.0 = Release|Win32
		{3715BC9B-FD47-409F-950A-127F319F0787}.Release|Win32.Deploy.0 = Release|Win32
	EndGlobalSection
	GlobalSection(SolutionProperties) = preSolution
		HideSolutionNode = FALSE
	EndGlobalSection
EndGlobal
